
Microsoft Visual Studio Solution File, Format Version 11.00
# Visual Studio 2010
Project("{FAE04EC0-301F-11D3-BF4B-00C04F79EFBC}") = "LeTai.TrueShadow", "LeTai.TrueShadow.csproj", "{c8c67f92-5813-cfca-cd26-58bbac27db76}"
EndProject
Project("{FAE04EC0-301F-11D3-BF4B-00C04F79EFBC}") = "Assembly-CSharp", "Assembly-CSharp.csproj", "{3118eafc-3a13-3de2-1464-e85c7df08a74}"
EndProject
Project("{FAE04EC0-301F-11D3-BF4B-00C04F79EFBC}") = "LeTai.TrueShadow.Demo", "LeTai.TrueShadow.Demo.csproj", "{0022fffb-3566-0f14-7020-beba80357f5e}"
EndProject
Project("{FAE04EC0-301F-11D3-BF4B-00C04F79EFBC}") = "Boxophobic.Utils.Scripts", "Boxophobic.Utils.Scripts.csproj", "{4b3d5bdc-2575-60e3-a66e-2e124d56f089}"
EndProject
Project("{FAE04EC0-301F-11D3-BF4B-00C04F79EFBC}") = "Boxophobic.PolyverseSkies.Runtime", "Boxophobic.PolyverseSkies.Runtime.csproj", "{3ab01e11-3343-e525-184e-2b34802fd1bb}"
EndProject
Project("{FAE04EC0-301F-11D3-BF4B-00C04F79EFBC}") = "Boxophobic.PolyverseSkies.Scripts", "Boxophobic.PolyverseSkies.Scripts.csproj", "{fa0a5c8a-b3a3-0e56-67ef-130548eb2f89}"
EndProject
Project("{FAE04EC0-301F-11D3-BF4B-00C04F79EFBC}") = "Assembly-CSharp-Editor", "Assembly-CSharp-Editor.csproj", "{586d0215-a89a-b0d0-4a3b-a04fefb1fcfa}"
EndProject
Project("{FAE04EC0-301F-11D3-BF4B-00C04F79EFBC}") = "Boxophobic.Utils.Editor", "Boxophobic.Utils.Editor.csproj", "{a947b44c-8d17-e731-f051-6213b37f99b2}"
EndProject
Project("{FAE04EC0-301F-11D3-BF4B-00C04F79EFBC}") = "LeTai.TrueShadow.Editor", "LeTai.TrueShadow.Editor.csproj", "{d2901ef8-cafe-0802-c6f8-348d77a9e175}"
EndProject
Project("{FAE04EC0-301F-11D3-BF4B-00C04F79EFBC}") = "Boxophobic.PolyverseSkies.Editor", "Boxophobic.PolyverseSkies.Editor.csproj", "{35fc6c6c-be1f-7210-66d5-e5e6f48c81fb}"
EndProject
Global
	GlobalSection(SolutionConfigurationPlatforms) = preSolution
		Debug|Any CPU = Debug|Any CPU
	EndGlobalSection
	GlobalSection(ProjectConfigurationPlatforms) = postSolution
		{c8c67f92-5813-cfca-cd26-58bbac27db76}.Debug|Any CPU.ActiveCfg = Debug|Any CPU
		{c8c67f92-5813-cfca-cd26-58bbac27db76}.Debug|Any CPU.Build.0 = Debug|Any CPU
		{3118eafc-3a13-3de2-1464-e85c7df08a74}.Debug|Any CPU.ActiveCfg = Debug|Any CPU
		{3118eafc-3a13-3de2-1464-e85c7df08a74}.Debug|Any CPU.Build.0 = Debug|Any CPU
		{0022fffb-3566-0f14-7020-beba80357f5e}.Debug|Any CPU.ActiveCfg = Debug|Any CPU
		{0022fffb-3566-0f14-7020-beba80357f5e}.Debug|Any CPU.Build.0 = Debug|Any CPU
		{4b3d5bdc-2575-60e3-a66e-2e124d56f089}.Debug|Any CPU.ActiveCfg = Debug|Any CPU
		{4b3d5bdc-2575-60e3-a66e-2e124d56f089}.Debug|Any CPU.Build.0 = Debug|Any CPU
		{3ab01e11-3343-e525-184e-2b34802fd1bb}.Debug|Any CPU.ActiveCfg = Debug|Any CPU
		{3ab01e11-3343-e525-184e-2b34802fd1bb}.Debug|Any CPU.Build.0 = Debug|Any CPU
		{fa0a5c8a-b3a3-0e56-67ef-130548eb2f89}.Debug|Any CPU.ActiveCfg = Debug|Any CPU
		{fa0a5c8a-b3a3-0e56-67ef-130548eb2f89}.Debug|Any CPU.Build.0 = Debug|Any CPU
		{586d0215-a89a-b0d0-4a3b-a04fefb1fcfa}.Debug|Any CPU.ActiveCfg = Debug|Any CPU
		{586d0215-a89a-b0d0-4a3b-a04fefb1fcfa}.Debug|Any CPU.Build.0 = Debug|Any CPU
		{a947b44c-8d17-e731-f051-6213b37f99b2}.Debug|Any CPU.ActiveCfg = Debug|Any CPU
		{a947b44c-8d17-e731-f051-6213b37f99b2}.Debug|Any CPU.Build.0 = Debug|Any CPU
		{d2901ef8-cafe-0802-c6f8-348d77a9e175}.Debug|Any CPU.ActiveCfg = Debug|Any CPU
		{d2901ef8-cafe-0802-c6f8-348d77a9e175}.Debug|Any CPU.Build.0 = Debug|Any CPU
		{35fc6c6c-be1f-7210-66d5-e5e6f48c81fb}.Debug|Any CPU.ActiveCfg = Debug|Any CPU
		{35fc6c6c-be1f-7210-66d5-e5e6f48c81fb}.Debug|Any CPU.Build.0 = Debug|Any CPU
	EndGlobalSection
	GlobalSection(SolutionProperties) = preSolution
		HideSolutionNode = FALSE
	EndGlobalSection
EndGlobal
